// !$*UTF8*$!
{
	archiveVersion = 1;
	classes = {
	};
	objectVersion = 51;
	objects = {

/* Begin PBXBuildFile section */
		3AFCC2A854CE8CF115DA8235 /* Pods_BusinessInventory_swift.framework in Frameworks */ = {isa = PBXBuildFile; fileRef = A505C91AA63119691D77A17B /* Pods_BusinessInventory_swift.framework */; };
		73A2AFD4E42ABE03E7CFE2D3 /* Pods_BusinessInventory_swiftTests.framework in Frameworks */ = {isa = PBXBuildFile; fileRef = 179B803E4C30EC9805082DDC /* Pods_BusinessInventory_swiftTests.framework */; };
		BA198C5523F43C9600055541 /* MainPresenter.swift in Sources */ = {isa = PBXBuildFile; fileRef = BA198C5423F43C9600055541 /* MainPresenter.swift */; };
		BA198CF623F4935800055541 /* DBHelper.swift in Sources */ = {isa = PBXBuildFile; fileRef = BA198CF523F4935800055541 /* DBHelper.swift */; };
		BA198CF923F493AA00055541 /* libsqlite3.tbd in Frameworks */ = {isa = PBXBuildFile; fileRef = BA198CF823F493AA00055541 /* libsqlite3.tbd */; };
		BA198D0223F591E000055541 /* AddPresenter.swift in Sources */ = {isa = PBXBuildFile; fileRef = BA198D0123F591E000055541 /* AddPresenter.swift */; };
		BA198D0423F591F900055541 /* AddModel.swift in Sources */ = {isa = PBXBuildFile; fileRef = BA198D0323F591F900055541 /* AddModel.swift */; };
		BA198D0623F5929D00055541 /* Add.swift in Sources */ = {isa = PBXBuildFile; fileRef = BA198D0523F5929D00055541 /* Add.swift */; };
		BA198D4423F5E73700055541 /* Tools.swift in Sources */ = {isa = PBXBuildFile; fileRef = BA198D4323F5E73700055541 /* Tools.swift */; };
		BA198D8223F71E8F00055541 /* CustomCell.swift in Sources */ = {isa = PBXBuildFile; fileRef = BA198D8123F71E8E00055541 /* CustomCell.swift */; };
		BA198D8423F7310600055541 /* ProductTableViewCell.swift in Sources */ = {isa = PBXBuildFile; fileRef = BA198D8323F7310600055541 /* ProductTableViewCell.swift */; };
		BA198D8723FC434800055541 /* Detail.swift in Sources */ = {isa = PBXBuildFile; fileRef = BA198D8623FC434800055541 /* Detail.swift */; };
		BA198D8923FC43A200055541 /* DetailPresenter.swift in Sources */ = {isa = PBXBuildFile; fileRef = BA198D8823FC43A200055541 /* DetailPresenter.swift */; };
		BA198D8B23FC440700055541 /* DetailModel.swift in Sources */ = {isa = PBXBuildFile; fileRef = BA198D8A23FC440700055541 /* DetailModel.swift */; };
		BA198D8D23FC447900055541 /* DetailViewContriller.swift in Sources */ = {isa = PBXBuildFile; fileRef = BA198D8C23FC447900055541 /* DetailViewContriller.swift */; };
		BA198D9023FDB99200055541 /* NumberTextField.swift in Sources */ = {isa = PBXBuildFile; fileRef = BA198D8F23FDB99200055541 /* NumberTextField.swift */; };
		BA4782FF23F1DB4400F0913F /* Main.swift in Sources */ = {isa = PBXBuildFile; fileRef = BA4782FE23F1DB4400F0913F /* Main.swift */; };
		BA47830323F1DF6800F0913F /* MainModel.swift in Sources */ = {isa = PBXBuildFile; fileRef = BA47830223F1DF6800F0913F /* MainModel.swift */; };
		BA4B052A240031AA00FBB9BA /* SummaryViewController.swift in Sources */ = {isa = PBXBuildFile; fileRef = BA4B0529240031AA00FBB9BA /* SummaryViewController.swift */; };
		BA4B052C2400336300FBB9BA /* Summary.swift in Sources */ = {isa = PBXBuildFile; fileRef = BA4B052B2400336300FBB9BA /* Summary.swift */; };
		BA4B052E240033CD00FBB9BA /* SummaryModel.swift in Sources */ = {isa = PBXBuildFile; fileRef = BA4B052D240033CD00FBB9BA /* SummaryModel.swift */; };
		BA4B0530240033E200FBB9BA /* SummaryPresenter.swift in Sources */ = {isa = PBXBuildFile; fileRef = BA4B052F240033E200FBB9BA /* SummaryPresenter.swift */; };
		BA4B053224004B2300FBB9BA /* SummaryEntity.swift in Sources */ = {isa = PBXBuildFile; fileRef = BA4B053124004B2300FBB9BA /* SummaryEntity.swift */; };
		BA9304B823EB3BE10093B3E7 /* AppDelegate.swift in Sources */ = {isa = PBXBuildFile; fileRef = BA9304B723EB3BE10093B3E7 /* AppDelegate.swift */; };
		BA9304BA23EB3BE10093B3E7 /* SceneDelegate.swift in Sources */ = {isa = PBXBuildFile; fileRef = BA9304B923EB3BE10093B3E7 /* SceneDelegate.swift */; };
		BA9304BC23EB3BE10093B3E7 /* MainViewController.swift in Sources */ = {isa = PBXBuildFile; fileRef = BA9304BB23EB3BE10093B3E7 /* MainViewController.swift */; };
		BA9304BF23EB3BE10093B3E7 /* Main.storyboard in Resources */ = {isa = PBXBuildFile; fileRef = BA9304BD23EB3BE10093B3E7 /* Main.storyboard */; };
		BA9304C123EB3BE20093B3E7 /* Assets.xcassets in Resources */ = {isa = PBXBuildFile; fileRef = BA9304C023EB3BE20093B3E7 /* Assets.xcassets */; };
		BA9304C423EB3BE20093B3E7 /* LaunchScreen.storyboard in Resources */ = {isa = PBXBuildFile; fileRef = BA9304C223EB3BE20093B3E7 /* LaunchScreen.storyboard */; };
		BA9304CF23EB3BE20093B3E7 /* BusinessInventory_swiftTests.swift in Sources */ = {isa = PBXBuildFile; fileRef = BA9304CE23EB3BE20093B3E7 /* BusinessInventory_swiftTests.swift */; };
		BA9304DA23EB3BE20093B3E7 /* BusinessInventory_swiftUITests.swift in Sources */ = {isa = PBXBuildFile; fileRef = BA9304D923EB3BE20093B3E7 /* BusinessInventory_swiftUITests.swift */; };
		BA9304E823EB66D20093B3E7 /* ProductEntity.swift in Sources */ = {isa = PBXBuildFile; fileRef = BA9304E723EB66D20093B3E7 /* ProductEntity.swift */; };
		BA9304EC23EC83770093B3E7 /* AddViewController.swift in Sources */ = {isa = PBXBuildFile; fileRef = BA9304EB23EC83760093B3E7 /* AddViewController.swift */; };
		CBD3FEC385DF5E9AD0F43C39 /* Pods_BusinessInventory_swift_BusinessInventory_swiftUITests.framework in Frameworks */ = {isa = PBXBuildFile; fileRef = 4793A2CB8D99B46802A8795E /* Pods_BusinessInventory_swift_BusinessInventory_swiftUITests.framework */; };
/* End PBXBuildFile section */

/* Begin PBXContainerItemProxy section */
		BA9304CB23EB3BE20093B3E7 /* PBXContainerItemProxy */ = {
			isa = PBXContainerItemProxy;
			containerPortal = BA9304AC23EB3BE10093B3E7 /* Project object */;
			proxyType = 1;
			remoteGlobalIDString = BA9304B323EB3BE10093B3E7;
			remoteInfo = "BusinessInventory-swift";
		};
		BA9304D623EB3BE20093B3E7 /* PBXContainerItemProxy */ = {
			isa = PBXContainerItemProxy;
			containerPortal = BA9304AC23EB3BE10093B3E7 /* Project object */;
			proxyType = 1;
			remoteGlobalIDString = BA9304B323EB3BE10093B3E7;
			remoteInfo = "BusinessInventory-swift";
		};
/* End PBXContainerItemProxy section */

/* Begin PBXFileReference section */
		179B803E4C30EC9805082DDC /* Pods_BusinessInventory_swiftTests.framework */ = {isa = PBXFileReference; explicitFileType = wrapper.framework; includeInIndex = 0; path = Pods_BusinessInventory_swiftTests.framework; sourceTree = BUILT_PRODUCTS_DIR; };
		4793A2CB8D99B46802A8795E /* Pods_BusinessInventory_swift_BusinessInventory_swiftUITests.framework */ = {isa = PBXFileReference; explicitFileType = wrapper.framework; includeInIndex = 0; path = Pods_BusinessInventory_swift_BusinessInventory_swiftUITests.framework; sourceTree = BUILT_PRODUCTS_DIR; };
		6671CCD7351BD7652B7002DB /* Pods-BusinessInventory-swiftTests.release.xcconfig */ = {isa = PBXFileReference; includeInIndex = 1; lastKnownFileType = text.xcconfig; name = "Pods-BusinessInventory-swiftTests.release.xcconfig"; path = "Target Support Files/Pods-BusinessInventory-swiftTests/Pods-BusinessInventory-swiftTests.release.xcconfig"; sourceTree = "<group>"; };
		9F88EAFE5A1B6BEB0DA2F0CE /* Pods-BusinessInventory-swift-BusinessInventory-swiftUITests.release.xcconfig */ = {isa = PBXFileReference; includeInIndex = 1; lastKnownFileType = text.xcconfig; name = "Pods-BusinessInventory-swift-BusinessInventory-swiftUITests.release.xcconfig"; path = "Target Support Files/Pods-BusinessInventory-swift-BusinessInventory-swiftUITests/Pods-BusinessInventory-swift-BusinessInventory-swiftUITests.release.xcconfig"; sourceTree = "<group>"; };
		A505C91AA63119691D77A17B /* Pods_BusinessInventory_swift.framework */ = {isa = PBXFileReference; explicitFileType = wrapper.framework; includeInIndex = 0; path = Pods_BusinessInventory_swift.framework; sourceTree = BUILT_PRODUCTS_DIR; };
		B18BC55BB29B13ABC86C4EC6 /* Pods-BusinessInventory-swift.debug.xcconfig */ = {isa = PBXFileReference; includeInIndex = 1; lastKnownFileType = text.xcconfig; name = "Pods-BusinessInventory-swift.debug.xcconfig"; path = "Target Support Files/Pods-BusinessInventory-swift/Pods-BusinessInventory-swift.debug.xcconfig"; sourceTree = "<group>"; };
		BA198C5423F43C9600055541 /* MainPresenter.swift */ = {isa = PBXFileReference; lastKnownFileType = sourcecode.swift; path = MainPresenter.swift; sourceTree = "<group>"; };
		BA198CF523F4935800055541 /* DBHelper.swift */ = {isa = PBXFileReference; lastKnownFileType = sourcecode.swift; path = DBHelper.swift; sourceTree = "<group>"; };
		BA198CF823F493AA00055541 /* libsqlite3.tbd */ = {isa = PBXFileReference; lastKnownFileType = "sourcecode.text-based-dylib-definition"; name = libsqlite3.tbd; path = usr/lib/libsqlite3.tbd; sourceTree = SDKROOT; };
		BA198CFA23F4941600055541 /* BusinessInventory-swift-Bridging-Header.h */ = {isa = PBXFileReference; lastKnownFileType = sourcecode.c.h; path = "BusinessInventory-swift-Bridging-Header.h"; sourceTree = "<group>"; };
		BA198D0123F591E000055541 /* AddPresenter.swift */ = {isa = PBXFileReference; lastKnownFileType = sourcecode.swift; path = AddPresenter.swift; sourceTree = "<group>"; };
		BA198D0323F591F900055541 /* AddModel.swift */ = {isa = PBXFileReference; lastKnownFileType = sourcecode.swift; path = AddModel.swift; sourceTree = "<group>"; };
		BA198D0523F5929D00055541 /* Add.swift */ = {isa = PBXFileReference; lastKnownFileType = sourcecode.swift; path = Add.swift; sourceTree = "<group>"; };
		BA198D4323F5E73700055541 /* Tools.swift */ = {isa = PBXFileReference; lastKnownFileType = sourcecode.swift; path = Tools.swift; sourceTree = "<group>"; };
		BA198D8123F71E8E00055541 /* CustomCell.swift */ = {isa = PBXFileReference; lastKnownFileType = sourcecode.swift; path = CustomCell.swift; sourceTree = "<group>"; };
		BA198D8323F7310600055541 /* ProductTableViewCell.swift */ = {isa = PBXFileReference; lastKnownFileType = sourcecode.swift; path = ProductTableViewCell.swift; sourceTree = "<group>"; };
		BA198D8623FC434800055541 /* Detail.swift */ = {isa = PBXFileReference; lastKnownFileType = sourcecode.swift; path = Detail.swift; sourceTree = "<group>"; };
		BA198D8823FC43A200055541 /* DetailPresenter.swift */ = {isa = PBXFileReference; lastKnownFileType = sourcecode.swift; path = DetailPresenter.swift; sourceTree = "<group>"; };
		BA198D8A23FC440700055541 /* DetailModel.swift */ = {isa = PBXFileReference; lastKnownFileType = sourcecode.swift; path = DetailModel.swift; sourceTree = "<group>"; };
		BA198D8C23FC447900055541 /* DetailViewContriller.swift */ = {isa = PBXFileReference; lastKnownFileType = sourcecode.swift; path = DetailViewContriller.swift; sourceTree = "<group>"; };
		BA198D8F23FDB99200055541 /* NumberTextField.swift */ = {isa = PBXFileReference; lastKnownFileType = sourcecode.swift; path = NumberTextField.swift; sourceTree = "<group>"; };
		BA4782FE23F1DB4400F0913F /* Main.swift */ = {isa = PBXFileReference; lastKnownFileType = sourcecode.swift; path = Main.swift; sourceTree = "<group>"; };
		BA47830223F1DF6800F0913F /* MainModel.swift */ = {isa = PBXFileReference; lastKnownFileType = sourcecode.swift; path = MainModel.swift; sourceTree = "<group>"; };
		BA4B0529240031AA00FBB9BA /* SummaryViewController.swift */ = {isa = PBXFileReference; lastKnownFileType = sourcecode.swift; path = SummaryViewController.swift; sourceTree = "<group>"; };
		BA4B052B2400336300FBB9BA /* Summary.swift */ = {isa = PBXFileReference; lastKnownFileType = sourcecode.swift; path = Summary.swift; sourceTree = "<group>"; };
		BA4B052D240033CD00FBB9BA /* SummaryModel.swift */ = {isa = PBXFileReference; lastKnownFileType = sourcecode.swift; path = SummaryModel.swift; sourceTree = "<group>"; };
		BA4B052F240033E200FBB9BA /* SummaryPresenter.swift */ = {isa = PBXFileReference; lastKnownFileType = sourcecode.swift; path = SummaryPresenter.swift; sourceTree = "<group>"; };
		BA4B053124004B2300FBB9BA /* SummaryEntity.swift */ = {isa = PBXFileReference; lastKnownFileType = sourcecode.swift; path = SummaryEntity.swift; sourceTree = "<group>"; };
		BA9304B423EB3BE10093B3E7 /* BusinessInventory-swift.app */ = {isa = PBXFileReference; explicitFileType = wrapper.application; includeInIndex = 0; path = "BusinessInventory-swift.app"; sourceTree = BUILT_PRODUCTS_DIR; };
		BA9304B723EB3BE10093B3E7 /* AppDelegate.swift */ = {isa = PBXFileReference; lastKnownFileType = sourcecode.swift; path = AppDelegate.swift; sourceTree = "<group>"; };
		BA9304B923EB3BE10093B3E7 /* SceneDelegate.swift */ = {isa = PBXFileReference; lastKnownFileType = sourcecode.swift; path = SceneDelegate.swift; sourceTree = "<group>"; };
		BA9304BB23EB3BE10093B3E7 /* MainViewController.swift */ = {isa = PBXFileReference; lastKnownFileType = sourcecode.swift; path = MainViewController.swift; sourceTree = "<group>"; };
		BA9304BE23EB3BE10093B3E7 /* Base */ = {isa = PBXFileReference; lastKnownFileType = file.storyboard; name = Base; path = Base.lproj/Main.storyboard; sourceTree = "<group>"; };
		BA9304C023EB3BE20093B3E7 /* Assets.xcassets */ = {isa = PBXFileReference; lastKnownFileType = folder.assetcatalog; path = Assets.xcassets; sourceTree = "<group>"; };
		BA9304C323EB3BE20093B3E7 /* Base */ = {isa = PBXFileReference; lastKnownFileType = file.storyboard; name = Base; path = Base.lproj/LaunchScreen.storyboard; sourceTree = "<group>"; };
		BA9304C523EB3BE20093B3E7 /* Info.plist */ = {isa = PBXFileReference; lastKnownFileType = text.plist.xml; path = Info.plist; sourceTree = "<group>"; };
		BA9304CA23EB3BE20093B3E7 /* BusinessInventory-swiftTests.xctest */ = {isa = PBXFileReference; explicitFileType = wrapper.cfbundle; includeInIndex = 0; path = "BusinessInventory-swiftTests.xctest"; sourceTree = BUILT_PRODUCTS_DIR; };
		BA9304CE23EB3BE20093B3E7 /* BusinessInventory_swiftTests.swift */ = {isa = PBXFileReference; lastKnownFileType = sourcecode.swift; path = BusinessInventory_swiftTests.swift; sourceTree = "<group>"; };
		BA9304D023EB3BE20093B3E7 /* Info.plist */ = {isa = PBXFileReference; lastKnownFileType = text.plist.xml; path = Info.plist; sourceTree = "<group>"; };
		BA9304D523EB3BE20093B3E7 /* BusinessInventory-swiftUITests.xctest */ = {isa = PBXFileReference; explicitFileType = wrapper.cfbundle; includeInIndex = 0; path = "BusinessInventory-swiftUITests.xctest"; sourceTree = BUILT_PRODUCTS_DIR; };
		BA9304D923EB3BE20093B3E7 /* BusinessInventory_swiftUITests.swift */ = {isa = PBXFileReference; lastKnownFileType = sourcecode.swift; path = BusinessInventory_swiftUITests.swift; sourceTree = "<group>"; };
		BA9304DB23EB3BE20093B3E7 /* Info.plist */ = {isa = PBXFileReference; lastKnownFileType = text.plist.xml; path = Info.plist; sourceTree = "<group>"; };
		BA9304E723EB66D20093B3E7 /* ProductEntity.swift */ = {isa = PBXFileReference; lastKnownFileType = sourcecode.swift; name = ProductEntity.swift; path = ../../ProductEntity.swift; sourceTree = "<group>"; };
		BA9304EB23EC83760093B3E7 /* AddViewController.swift */ = {isa = PBXFileReference; lastKnownFileType = sourcecode.swift; path = AddViewController.swift; sourceTree = "<group>"; };
		DCD9825002B3696A1D3D46FC /* Pods-BusinessInventory-swiftTests.debug.xcconfig */ = {isa = PBXFileReference; includeInIndex = 1; lastKnownFileType = text.xcconfig; name = "Pods-BusinessInventory-swiftTests.debug.xcconfig"; path = "Target Support Files/Pods-BusinessInventory-swiftTests/Pods-BusinessInventory-swiftTests.debug.xcconfig"; sourceTree = "<group>"; };
		F39629C3BF1A7737396DF6A0 /* Pods-BusinessInventory-swift-BusinessInventory-swiftUITests.debug.xcconfig */ = {isa = PBXFileReference; includeInIndex = 1; lastKnownFileType = text.xcconfig; name = "Pods-BusinessInventory-swift-BusinessInventory-swiftUITests.debug.xcconfig"; path = "Target Support Files/Pods-BusinessInventory-swift-BusinessInventory-swiftUITests/Pods-BusinessInventory-swift-BusinessInventory-swiftUITests.debug.xcconfig"; sourceTree = "<group>"; };
		FCE8362B05F6751FF604724E /* Pods-BusinessInventory-swift.release.xcconfig */ = {isa = PBXFileReference; includeInIndex = 1; lastKnownFileType = text.xcconfig; name = "Pods-BusinessInventory-swift.release.xcconfig"; path = "Target Support Files/Pods-BusinessInventory-swift/Pods-BusinessInventory-swift.release.xcconfig"; sourceTree = "<group>"; };
/* End PBXFileReference section */

/* Begin PBXFrameworksBuildPhase section */
		BA9304B123EB3BE10093B3E7 /* Frameworks */ = {
			isa = PBXFrameworksBuildPhase;
			buildActionMask = 2147483647;
			files = (
				BA198CF923F493AA00055541 /* libsqlite3.tbd in Frameworks */,
				3AFCC2A854CE8CF115DA8235 /* Pods_BusinessInventory_swift.framework in Frameworks */,
			);
			runOnlyForDeploymentPostprocessing = 0;
		};
		BA9304C723EB3BE20093B3E7 /* Frameworks */ = {
			isa = PBXFrameworksBuildPhase;
			buildActionMask = 2147483647;
			files = (
				73A2AFD4E42ABE03E7CFE2D3 /* Pods_BusinessInventory_swiftTests.framework in Frameworks */,
			);
			runOnlyForDeploymentPostprocessing = 0;
		};
		BA9304D223EB3BE20093B3E7 /* Frameworks */ = {
			isa = PBXFrameworksBuildPhase;
			buildActionMask = 2147483647;
			files = (
				CBD3FEC385DF5E9AD0F43C39 /* Pods_BusinessInventory_swift_BusinessInventory_swiftUITests.framework in Frameworks */,
			);
			runOnlyForDeploymentPostprocessing = 0;
		};
/* End PBXFrameworksBuildPhase section */

/* Begin PBXGroup section */
		09471A6BC181A516D7BAEA4F /* Pods */ = {
			isa = PBXGroup;
			children = (
				B18BC55BB29B13ABC86C4EC6 /* Pods-BusinessInventory-swift.debug.xcconfig */,
				FCE8362B05F6751FF604724E /* Pods-BusinessInventory-swift.release.xcconfig */,
				F39629C3BF1A7737396DF6A0 /* Pods-BusinessInventory-swift-BusinessInventory-swiftUITests.debug.xcconfig */,
				9F88EAFE5A1B6BEB0DA2F0CE /* Pods-BusinessInventory-swift-BusinessInventory-swiftUITests.release.xcconfig */,
				DCD9825002B3696A1D3D46FC /* Pods-BusinessInventory-swiftTests.debug.xcconfig */,
				6671CCD7351BD7652B7002DB /* Pods-BusinessInventory-swiftTests.release.xcconfig */,
			);
			path = Pods;
			sourceTree = "<group>";
		};
		BA198CF423F4933700055541 /* db */ = {
			isa = PBXGroup;
			children = (
				BA198CFD23F4952E00055541 /* entity */,
				BA198CF523F4935800055541 /* DBHelper.swift */,
				BA198CFA23F4941600055541 /* BusinessInventory-swift-Bridging-Header.h */,
			);
			path = db;
			sourceTree = "<group>";
		};
		BA198CF723F493AA00055541 /* Frameworks */ = {
			isa = PBXGroup;
			children = (
				BA198CF823F493AA00055541 /* libsqlite3.tbd */,
				A505C91AA63119691D77A17B /* Pods_BusinessInventory_swift.framework */,
				4793A2CB8D99B46802A8795E /* Pods_BusinessInventory_swift_BusinessInventory_swiftUITests.framework */,
				179B803E4C30EC9805082DDC /* Pods_BusinessInventory_swiftTests.framework */,
			);
			name = Frameworks;
			sourceTree = "<group>";
		};
		BA198CFD23F4952E00055541 /* entity */ = {
			isa = PBXGroup;
			children = (
				BA9304E723EB66D20093B3E7 /* ProductEntity.swift */,
				BA4B053124004B2300FBB9BA /* SummaryEntity.swift */,
			);
			path = entity;
			sourceTree = "<group>";
		};
		BA198D0023F590A800055541 /* add */ = {
			isa = PBXGroup;
			children = (
				BA198D0523F5929D00055541 /* Add.swift */,
				BA198D0323F591F900055541 /* AddModel.swift */,
				BA198D0123F591E000055541 /* AddPresenter.swift */,
				BA9304EB23EC83760093B3E7 /* AddViewController.swift */,
			);
			path = add;
			sourceTree = "<group>";
		};
		BA198D8523FC40F400055541 /* detail */ = {
			isa = PBXGroup;
			children = (
				BA198D8623FC434800055541 /* Detail.swift */,
				BA198D8A23FC440700055541 /* DetailModel.swift */,
				BA198D8823FC43A200055541 /* DetailPresenter.swift */,
				BA198D8C23FC447900055541 /* DetailViewContriller.swift */,
			);
			path = detail;
			sourceTree = "<group>";
		};
		BA198D8E23FDB94100055541 /* tools */ = {
			isa = PBXGroup;
			children = (
				BA198D8F23FDB99200055541 /* NumberTextField.swift */,
			);
			path = tools;
			sourceTree = "<group>";
		};
		BA47830423F2EFA800F0913F /* main */ = {
			isa = PBXGroup;
			children = (
				BA198D8123F71E8E00055541 /* CustomCell.swift */,
				BA4782FE23F1DB4400F0913F /* Main.swift */,
				BA47830223F1DF6800F0913F /* MainModel.swift */,
				BA198C5423F43C9600055541 /* MainPresenter.swift */,
				BA9304BB23EB3BE10093B3E7 /* MainViewController.swift */,
				BA198D8323F7310600055541 /* ProductTableViewCell.swift */,
			);
			path = main;
			sourceTree = "<group>";
		};
		BA4B05282400317800FBB9BA /* summary */ = {
			isa = PBXGroup;
			children = (
				BA4B052B2400336300FBB9BA /* Summary.swift */,
				BA4B052D240033CD00FBB9BA /* SummaryModel.swift */,
				BA4B052F240033E200FBB9BA /* SummaryPresenter.swift */,
				BA4B0529240031AA00FBB9BA /* SummaryViewController.swift */,
			);
			path = summary;
			sourceTree = "<group>";
		};
		BA9304AB23EB3BE10093B3E7 = {
			isa = PBXGroup;
			children = (
				BA9304B623EB3BE10093B3E7 /* BusinessInventory-swift */,
				BA9304CD23EB3BE20093B3E7 /* BusinessInventory-swiftTests */,
				BA9304D823EB3BE20093B3E7 /* BusinessInventory-swiftUITests */,
				BA9304B523EB3BE10093B3E7 /* Products */,
				BA198CF723F493AA00055541 /* Frameworks */,
				09471A6BC181A516D7BAEA4F /* Pods */,
			);
			sourceTree = "<group>";
		};
		BA9304B523EB3BE10093B3E7 /* Products */ = {
			isa = PBXGroup;
			children = (
				BA9304B423EB3BE10093B3E7 /* BusinessInventory-swift.app */,
				BA9304CA23EB3BE20093B3E7 /* BusinessInventory-swiftTests.xctest */,
				BA9304D523EB3BE20093B3E7 /* BusinessInventory-swiftUITests.xctest */,
			);
			name = Products;
			sourceTree = "<group>";
		};
		BA9304B623EB3BE10093B3E7 /* BusinessInventory-swift */ = {
			isa = PBXGroup;
			children = (
				BA4B05282400317800FBB9BA /* summary */,
				BA198CF423F4933700055541 /* db */,
				BA198D0023F590A800055541 /* add */,
				BA47830423F2EFA800F0913F /* main */,
				BA198D8523FC40F400055541 /* detail */,
				BA198D8E23FDB94100055541 /* tools */,
				BA9304B723EB3BE10093B3E7 /* AppDelegate.swift */,
				BA9304C023EB3BE20093B3E7 /* Assets.xcassets */,
				BA9304C523EB3BE20093B3E7 /* Info.plist */,
				BA9304C223EB3BE20093B3E7 /* LaunchScreen.storyboard */,
				BA9304BD23EB3BE10093B3E7 /* Main.storyboard */,
				BA9304B923EB3BE10093B3E7 /* SceneDelegate.swift */,
				BA198D4323F5E73700055541 /* Tools.swift */,
			);
			path = "BusinessInventory-swift";
			sourceTree = "<group>";
		};
		BA9304CD23EB3BE20093B3E7 /* BusinessInventory-swiftTests */ = {
			isa = PBXGroup;
			children = (
				BA9304CE23EB3BE20093B3E7 /* BusinessInventory_swiftTests.swift */,
				BA9304D023EB3BE20093B3E7 /* Info.plist */,
			);
			path = "BusinessInventory-swiftTests";
			sourceTree = "<group>";
		};
		BA9304D823EB3BE20093B3E7 /* BusinessInventory-swiftUITests */ = {
			isa = PBXGroup;
			children = (
				BA9304D923EB3BE20093B3E7 /* BusinessInventory_swiftUITests.swift */,
				BA9304DB23EB3BE20093B3E7 /* Info.plist */,
			);
			path = "BusinessInventory-swiftUITests";
			sourceTree = "<group>";
		};
/* End PBXGroup section */

/* Begin PBXNativeTarget section */
		BA9304B323EB3BE10093B3E7 /* BusinessInventory-swift */ = {
			isa = PBXNativeTarget;
			buildConfigurationList = BA9304DE23EB3BE20093B3E7 /* Build configuration list for PBXNativeTarget "BusinessInventory-swift" */;
			buildPhases = (
				4A3C6427F589239AD3009741 /* [CP] Check Pods Manifest.lock */,
				BA9304B023EB3BE10093B3E7 /* Sources */,
				BA9304B123EB3BE10093B3E7 /* Frameworks */,
				BA9304B223EB3BE10093B3E7 /* Resources */,
				21F78FAF7E413EABD6B8D7E1 /* [CP] Embed Pods Frameworks */,
			);
			buildRules = (
			);
			dependencies = (
			);
			name = "BusinessInventory-swift";
			productName = "BusinessInventory-swift";
			productReference = BA9304B423EB3BE10093B3E7 /* BusinessInventory-swift.app */;
			productType = "com.apple.product-type.application";
		};
		BA9304C923EB3BE20093B3E7 /* BusinessInventory-swiftTests */ = {
			isa = PBXNativeTarget;
			buildConfigurationList = BA9304E123EB3BE20093B3E7 /* Build configuration list for PBXNativeTarget "BusinessInventory-swiftTests" */;
			buildPhases = (
				D12FFA6E8962C048B53CB360 /* [CP] Check Pods Manifest.lock */,
				BA9304C623EB3BE20093B3E7 /* Sources */,
				BA9304C723EB3BE20093B3E7 /* Frameworks */,
				BA9304C823EB3BE20093B3E7 /* Resources */,
			);
			buildRules = (
			);
			dependencies = (
				BA9304CC23EB3BE20093B3E7 /* PBXTargetDependency */,
			);
			name = "BusinessInventory-swiftTests";
			productName = "BusinessInventory-swiftTests";
			productReference = BA9304CA23EB3BE20093B3E7 /* BusinessInventory-swiftTests.xctest */;
			productType = "com.apple.product-type.bundle.unit-test";
		};
		BA9304D423EB3BE20093B3E7 /* BusinessInventory-swiftUITests */ = {
			isa = PBXNativeTarget;
			buildConfigurationList = BA9304E423EB3BE20093B3E7 /* Build configuration list for PBXNativeTarget "BusinessInventory-swiftUITests" */;
			buildPhases = (
				2C92011B11B37B3FFD1607E8 /* [CP] Check Pods Manifest.lock */,
				BA9304D123EB3BE20093B3E7 /* Sources */,
				BA9304D223EB3BE20093B3E7 /* Frameworks */,
				BA9304D323EB3BE20093B3E7 /* Resources */,
				3F4A7177A743E9337111DF95 /* [CP] Embed Pods Frameworks */,
			);
			buildRules = (
			);
			dependencies = (
				BA9304D723EB3BE20093B3E7 /* PBXTargetDependency */,
			);
			name = "BusinessInventory-swiftUITests";
			productName = "BusinessInventory-swiftUITests";
			productReference = BA9304D523EB3BE20093B3E7 /* BusinessInventory-swiftUITests.xctest */;
			productType = "com.apple.product-type.bundle.ui-testing";
		};
/* End PBXNativeTarget section */

/* Begin PBXProject section */
		BA9304AC23EB3BE10093B3E7 /* Project object */ = {
			isa = PBXProject;
			attributes = {
				LastSwiftUpdateCheck = 1130;
				LastUpgradeCheck = 1130;
				ORGANIZATIONNAME = "Marcelo Agudelo";
				TargetAttributes = {
					BA9304B323EB3BE10093B3E7 = {
						CreatedOnToolsVersion = 11.3.1;
						LastSwiftMigration = 1130;
					};
					BA9304C923EB3BE20093B3E7 = {
						CreatedOnToolsVersion = 11.3.1;
						TestTargetID = BA9304B323EB3BE10093B3E7;
					};
					BA9304D423EB3BE20093B3E7 = {
						CreatedOnToolsVersion = 11.3.1;
						TestTargetID = BA9304B323EB3BE10093B3E7;
					};
				};
			};
			buildConfigurationList = BA9304AF23EB3BE10093B3E7 /* Build configuration list for PBXProject "BusinessInventory-swift" */;
			compatibilityVersion = "Xcode 9.3";
			developmentRegion = en;
			hasScannedForEncodings = 0;
			knownRegions = (
				en,
				Base,
			);
			mainGroup = BA9304AB23EB3BE10093B3E7;
			productRefGroup = BA9304B523EB3BE10093B3E7 /* Products */;
			projectDirPath = "";
			projectRoot = "";
			targets = (
				BA9304B323EB3BE10093B3E7 /* BusinessInventory-swift */,
				BA9304C923EB3BE20093B3E7 /* BusinessInventory-swiftTests */,
				BA9304D423EB3BE20093B3E7 /* BusinessInventory-swiftUITests */,
			);
		};
/* End PBXProject section */

/* Begin PBXResourcesBuildPhase section */
		BA9304B223EB3BE10093B3E7 /* Resources */ = {
			isa = PBXResourcesBuildPhase;
			buildActionMask = 2147483647;
			files = (
				BA9304C423EB3BE20093B3E7 /* LaunchScreen.storyboard in Resources */,
				BA9304C123EB3BE20093B3E7 /* Assets.xcassets in Resources */,
				BA9304BF23EB3BE10093B3E7 /* Main.storyboard in Resources */,
			);
			runOnlyForDeploymentPostprocessing = 0;
		};
		BA9304C823EB3BE20093B3E7 /* Resources */ = {
			isa = PBXResourcesBuildPhase;
			buildActionMask = 2147483647;
			files = (
			);
			runOnlyForDeploymentPostprocessing = 0;
		};
		BA9304D323EB3BE20093B3E7 /* Resources */ = {
			isa = PBXResourcesBuildPhase;
			buildActionMask = 2147483647;
			files = (
			);
			runOnlyForDeploymentPostprocessing = 0;
		};
/* End PBXResourcesBuildPhase section */

/* Begin PBXShellScriptBuildPhase section */
		21F78FAF7E413EABD6B8D7E1 /* [CP] Embed Pods Frameworks */ = {
			isa = PBXShellScriptBuildPhase;
			buildActionMask = 2147483647;
			files = (
			);
			inputFileListPaths = (
				"${PODS_ROOT}/Target Support Files/Pods-BusinessInventory-swift/Pods-BusinessInventory-swift-frameworks-${CONFIGURATION}-input-files.xcfilelist",
			);
			name = "[CP] Embed Pods Frameworks";
			outputFileListPaths = (
				"${PODS_ROOT}/Target Support Files/Pods-BusinessInventory-swift/Pods-BusinessInventory-swift-frameworks-${CONFIGURATION}-output-files.xcfilelist",
			);
			runOnlyForDeploymentPostprocessing = 0;
			shellPath = /bin/sh;
			shellScript = "\"${PODS_ROOT}/Target Support Files/Pods-BusinessInventory-swift/Pods-BusinessInventory-swift-frameworks.sh\"\n";
			showEnvVarsInLog = 0;
		};
		2C92011B11B37B3FFD1607E8 /* [CP] Check Pods Manifest.lock */ = {
			isa = PBXShellScriptBuildPhase;
			buildActionMask = 2147483647;
			files = (
			);
			inputFileListPaths = (
			);
			inputPaths = (
				"${PODS_PODFILE_DIR_PATH}/Podfile.lock",
				"${PODS_ROOT}/Manifest.lock",
			);
			name = "[CP] Check Pods Manifest.lock";
			outputFileListPaths = (
			);
			outputPaths = (
				"$(DERIVED_FILE_DIR)/Pods-BusinessInventory-swift-BusinessInventory-swiftUITests-checkManifestLockResult.txt",
			);
			runOnlyForDeploymentPostprocessing = 0;
			shellPath = /bin/sh;
			shellScript = "diff \"${PODS_PODFILE_DIR_PATH}/Podfile.lock\" \"${PODS_ROOT}/Manifest.lock\" > /dev/null\nif [ $? != 0 ] ; then\n    # print error to STDERR\n    echo \"error: The sandbox is not in sync with the Podfile.lock. Run 'pod install' or update your CocoaPods installation.\" >&2\n    exit 1\nfi\n# This output is used by Xcode 'outputs' to avoid re-running this script phase.\necho \"SUCCESS\" > \"${SCRIPT_OUTPUT_FILE_0}\"\n";
			showEnvVarsInLog = 0;
		};
		3F4A7177A743E9337111DF95 /* [CP] Embed Pods Frameworks */ = {
			isa = PBXShellScriptBuildPhase;
			buildActionMask = 2147483647;
			files = (
			);
			inputFileListPaths = (
				"${PODS_ROOT}/Target Support Files/Pods-BusinessInventory-swift-BusinessInventory-swiftUITests/Pods-BusinessInventory-swift-BusinessInventory-swiftUITests-frameworks-${CONFIGURATION}-input-files.xcfilelist",
			);
			name = "[CP] Embed Pods Frameworks";
			outputFileListPaths = (
				"${PODS_ROOT}/Target Support Files/Pods-BusinessInventory-swift-BusinessInventory-swiftUITests/Pods-BusinessInventory-swift-BusinessInventory-swiftUITests-frameworks-${CONFIGURATION}-output-files.xcfilelist",
			);
			runOnlyForDeploymentPostprocessing = 0;
			shellPath = /bin/sh;
			shellScript = "\"${PODS_ROOT}/Target Support Files/Pods-BusinessInventory-swift-BusinessInventory-swiftUITests/Pods-BusinessInventory-swift-BusinessInventory-swiftUITests-frameworks.sh\"\n";
			showEnvVarsInLog = 0;
		};
		4A3C6427F589239AD3009741 /* [CP] Check Pods Manifest.lock */ = {
			isa = PBXShellScriptBuildPhase;
			buildActionMask = 2147483647;
			files = (
			);
			inputFileListPaths = (
			);
			inputPaths = (
				"${PODS_PODFILE_DIR_PATH}/Podfile.lock",
				"${PODS_ROOT}/Manifest.lock",
			);
			name = "[CP] Check Pods Manifest.lock";
			outputFileListPaths = (
			);
			outputPaths = (
				"$(DERIVED_FILE_DIR)/Pods-BusinessInventory-swift-checkManifestLockResult.txt",
			);
			runOnlyForDeploymentPostprocessing = 0;
			shellPath = /bin/sh;
			shellScript = "diff \"${PODS_PODFILE_DIR_PATH}/Podfile.lock\" \"${PODS_ROOT}/Manifest.lock\" > /dev/null\nif [ $? != 0 ] ; then\n    # print error to STDERR\n    echo \"error: The sandbox is not in sync with the Podfile.lock. Run 'pod install' or update your CocoaPods installation.\" >&2\n    exit 1\nfi\n# This output is used by Xcode 'outputs' to avoid re-running this script phase.\necho \"SUCCESS\" > \"${SCRIPT_OUTPUT_FILE_0}\"\n";
			showEnvVarsInLog = 0;
		};
		D12FFA6E8962C048B53CB360 /* [CP] Check Pods Manifest.lock */ = {
			isa = PBXShellScriptBuildPhase;
			buildActionMask = 2147483647;
			files = (
			);
			inputFileListPaths = (
			);
			inputPaths = (
				"${PODS_PODFILE_DIR_PATH}/Podfile.lock",
				"${PODS_ROOT}/Manifest.lock",
			);
			name = "[CP] Check Pods Manifest.lock";
			outputFileListPaths = (
			);
			outputPaths = (
				"$(DERIVED_FILE_DIR)/Pods-BusinessInventory-swiftTests-checkManifestLockResult.txt",
			);
			runOnlyForDeploymentPostprocessing = 0;
			shellPath = /bin/sh;
			shellScript = "diff \"${PODS_PODFILE_DIR_PATH}/Podfile.lock\" \"${PODS_ROOT}/Manifest.lock\" > /dev/null\nif [ $? != 0 ] ; then\n    # print error to STDERR\n    echo \"error: The sandbox is not in sync with the Podfile.lock. Run 'pod install' or update your CocoaPods installation.\" >&2\n    exit 1\nfi\n# This output is used by Xcode 'outputs' to avoid re-running this script phase.\necho \"SUCCESS\" > \"${SCRIPT_OUTPUT_FILE_0}\"\n";
			showEnvVarsInLog = 0;
		};
/* End PBXShellScriptBuildPhase section */

/* Begin PBXSourcesBuildPhase section */
		BA9304B023EB3BE10093B3E7 /* Sources */ = {
			isa = PBXSourcesBuildPhase;
			buildActionMask = 2147483647;
			files = (
				BA198D4423F5E73700055541 /* Tools.swift in Sources */,
				BA198D0423F591F900055541 /* AddModel.swift in Sources */,
				BA9304BC23EB3BE10093B3E7 /* MainViewController.swift in Sources */,
				BA4782FF23F1DB4400F0913F /* Main.swift in Sources */,
				BA198D9023FDB99200055541 /* NumberTextField.swift in Sources */,
				BA4B052A240031AA00FBB9BA /* SummaryViewController.swift in Sources */,
				BA4B0530240033E200FBB9BA /* SummaryPresenter.swift in Sources */,
				BA47830323F1DF6800F0913F /* MainModel.swift in Sources */,
				BA198C5523F43C9600055541 /* MainPresenter.swift in Sources */,
				BA4B052E240033CD00FBB9BA /* SummaryModel.swift in Sources */,
				BA198D8423F7310600055541 /* ProductTableViewCell.swift in Sources */,
				BA198CF623F4935800055541 /* DBHelper.swift in Sources */,
				BA9304E823EB66D20093B3E7 /* ProductEntity.swift in Sources */,
				BA9304EC23EC83770093B3E7 /* AddViewController.swift in Sources */,
				BA198D8723FC434800055541 /* Detail.swift in Sources */,
				BA9304B823EB3BE10093B3E7 /* AppDelegate.swift in Sources */,
				BA4B053224004B2300FBB9BA /* SummaryEntity.swift in Sources */,
				BA4B052C2400336300FBB9BA /* Summary.swift in Sources */,
				BA198D8B23FC440700055541 /* DetailModel.swift in Sources */,
				BA198D0623F5929D00055541 /* Add.swift in Sources */,
				BA9304BA23EB3BE10093B3E7 /* SceneDelegate.swift in Sources */,
				BA198D8D23FC447900055541 /* DetailViewContriller.swift in Sources */,
				BA198D8223F71E8F00055541 /* CustomCell.swift in Sources */,
				BA198D0223F591E000055541 /* AddPresenter.swift in Sources */,
				BA198D8923FC43A200055541 /* DetailPresenter.swift in Sources */,
			);
			runOnlyForDeploymentPostprocessing = 0;
		};
		BA9304C623EB3BE20093B3E7 /* Sources */ = {
			isa = PBXSourcesBuildPhase;
			buildActionMask = 2147483647;
			files = (
				BA9304CF23EB3BE20093B3E7 /* BusinessInventory_swiftTests.swift in Sources */,
			);
			runOnlyForDeploymentPostprocessing = 0;
		};
		BA9304D123EB3BE20093B3E7 /* Sources */ = {
			isa = PBXSourcesBuildPhase;
			buildActionMask = 2147483647;
			files = (
				BA9304DA23EB3BE20093B3E7 /* BusinessInventory_swiftUITests.swift in Sources */,
			);
			runOnlyForDeploymentPostprocessing = 0;
		};
/* End PBXSourcesBuildPhase section */

/* Begin PBXTargetDependency section */
		BA9304CC23EB3BE20093B3E7 /* PBXTargetDependency */ = {
			isa = PBXTargetDependency;
			target = BA9304B323EB3BE10093B3E7 /* BusinessInventory-swift */;
			targetProxy = BA9304CB23EB3BE20093B3E7 /* PBXContainerItemProxy */;
		};
		BA9304D723EB3BE20093B3E7 /* PBXTargetDependency */ = {
			isa = PBXTargetDependency;
			target = BA9304B323EB3BE10093B3E7 /* BusinessInventory-swift */;
			targetProxy = BA9304D623EB3BE20093B3E7 /* PBXContainerItemProxy */;
		};
/* End PBXTargetDependency section */

/* Begin PBXVariantGroup section */
		BA9304BD23EB3BE10093B3E7 /* Main.storyboard */ = {
			isa = PBXVariantGroup;
			children = (
				BA9304BE23EB3BE10093B3E7 /* Base */,
			);
			name = Main.storyboard;
			sourceTree = "<group>";
		};
		BA9304C223EB3BE20093B3E7 /* LaunchScreen.storyboard */ = {
			isa = PBXVariantGroup;
			children = (
				BA9304C323EB3BE20093B3E7 /* Base */,
			);
			name = LaunchScreen.storyboard;
			sourceTree = "<group>";
		};
/* End PBXVariantGroup section */

/* Begin XCBuildConfiguration section */
		BA9304DC23EB3BE20093B3E7 /* Debug */ = {
			isa = XCBuildConfiguration;
			buildSettings = {
				ALWAYS_SEARCH_USER_PATHS = NO;
				CLANG_ANALYZER_NONNULL = YES;
				CLANG_ANALYZER_NUMBER_OBJECT_CONVERSION = YES_AGGRESSIVE;
				CLANG_CXX_LANGUAGE_STANDARD = "gnu++14";
				CLANG_CXX_LIBRARY = "libc++";
				CLANG_ENABLE_MODULES = YES;
				CLANG_ENABLE_OBJC_ARC = YES;
				CLANG_ENABLE_OBJC_WEAK = YES;
				CLANG_WARN_BLOCK_CAPTURE_AUTORELEASING = YES;
				CLANG_WARN_BOOL_CONVERSION = YES;
				CLANG_WARN_COMMA = YES;
				CLANG_WARN_CONSTANT_CONVERSION = YES;
				CLANG_WARN_DEPRECATED_OBJC_IMPLEMENTATIONS = YES;
				CLANG_WARN_DIRECT_OBJC_ISA_USAGE = YES_ERROR;
				CLANG_WARN_DOCUMENTATION_COMMENTS = YES;
				CLANG_WARN_EMPTY_BODY = YES;
				CLANG_WARN_ENUM_CONVERSION = YES;
				CLANG_WARN_INFINITE_RECURSION = YES;
				CLANG_WARN_INT_CONVERSION = YES;
				CLANG_WARN_NON_LITERAL_NULL_CONVERSION = YES;
				CLANG_WARN_OBJC_IMPLICIT_RETAIN_SELF = YES;
				CLANG_WARN_OBJC_LITERAL_CONVERSION = YES;
				CLANG_WARN_OBJC_ROOT_CLASS = YES_ERROR;
				CLANG_WARN_RANGE_LOOP_ANALYSIS = YES;
				CLANG_WARN_STRICT_PROTOTYPES = YES;
				CLANG_WARN_SUSPICIOUS_MOVE = YES;
				CLANG_WARN_UNGUARDED_AVAILABILITY = YES_AGGRESSIVE;
				CLANG_WARN_UNREACHABLE_CODE = YES;
				CLANG_WARN__DUPLICATE_METHOD_MATCH = YES;
				COPY_PHASE_STRIP = NO;
				DEBUG_INFORMATION_FORMAT = dwarf;
				ENABLE_STRICT_OBJC_MSGSEND = YES;
				ENABLE_TESTABILITY = YES;
				GCC_C_LANGUAGE_STANDARD = gnu11;
				GCC_DYNAMIC_NO_PIC = NO;
				GCC_NO_COMMON_BLOCKS = YES;
				GCC_OPTIMIZATION_LEVEL = 0;
				GCC_PREPROCESSOR_DEFINITIONS = (
					"DEBUG=1",
					"$(inherited)",
				);
				GCC_WARN_64_TO_32_BIT_CONVERSION = YES;
				GCC_WARN_ABOUT_RETURN_TYPE = YES_ERROR;
				GCC_WARN_UNDECLARED_SELECTOR = YES;
				GCC_WARN_UNINITIALIZED_AUTOS = YES_AGGRESSIVE;
				GCC_WARN_UNUSED_FUNCTION = YES;
				GCC_WARN_UNUSED_VARIABLE = YES;
				IPHONEOS_DEPLOYMENT_TARGET = 13.2;
				MTL_ENABLE_DEBUG_INFO = INCLUDE_SOURCE;
				MTL_FAST_MATH = YES;
				ONLY_ACTIVE_ARCH = YES;
				SDKROOT = iphoneos;
				SWIFT_ACTIVE_COMPILATION_CONDITIONS = DEBUG;
				SWIFT_OPTIMIZATION_LEVEL = "-Onone";
			};
			name = Debug;
		};
		BA9304DD23EB3BE20093B3E7 /* Release */ = {
			isa = XCBuildConfiguration;
			buildSettings = {
				ALWAYS_SEARCH_USER_PATHS = NO;
				CLANG_ANALYZER_NONNULL = YES;
				CLANG_ANALYZER_NUMBER_OBJECT_CONVERSION = YES_AGGRESSIVE;
				CLANG_CXX_LANGUAGE_STANDARD = "gnu++14";
				CLANG_CXX_LIBRARY = "libc++";
				CLANG_ENABLE_MODULES = YES;
				CLANG_ENABLE_OBJC_ARC = YES;
				CLANG_ENABLE_OBJC_WEAK = YES;
				CLANG_WARN_BLOCK_CAPTURE_AUTORELEASING = YES;
				CLANG_WARN_BOOL_CONVERSION = YES;
				CLANG_WARN_COMMA = YES;
				CLANG_WARN_CONSTANT_CONVERSION = YES;
				CLANG_WARN_DEPRECATED_OBJC_IMPLEMENTATIONS = YES;
				CLANG_WARN_DIRECT_OBJC_ISA_USAGE = YES_ERROR;
				CLANG_WARN_DOCUMENTATION_COMMENTS = YES;
				CLANG_WARN_EMPTY_BODY = YES;
				CLANG_WARN_ENUM_CONVERSION = YES;
				CLANG_WARN_INFINITE_RECURSION = YES;
				CLANG_WARN_INT_CONVERSION = YES;
				CLANG_WARN_NON_LITERAL_NULL_CONVERSION = YES;
				CLANG_WARN_OBJC_IMPLICIT_RETAIN_SELF = YES;
				CLANG_WARN_OBJC_LITERAL_CONVERSION = YES;
				CLANG_WARN_OBJC_ROOT_CLASS = YES_ERROR;
				CLANG_WARN_RANGE_LOOP_ANALYSIS = YES;
				CLANG_WARN_STRICT_PROTOTYPES = YES;
				CLANG_WARN_SUSPICIOUS_MOVE = YES;
				CLANG_WARN_UNGUARDED_AVAILABILITY = YES_AGGRESSIVE;
				CLANG_WARN_UNREACHABLE_CODE = YES;
				CLANG_WARN__DUPLICATE_METHOD_MATCH = YES;
				COPY_PHASE_STRIP = NO;
				DEBUG_INFORMATION_FORMAT = "dwarf-with-dsym";
				ENABLE_NS_ASSERTIONS = NO;
				ENABLE_STRICT_OBJC_MSGSEND = YES;
				GCC_C_LANGUAGE_STANDARD = gnu11;
				GCC_NO_COMMON_BLOCKS = YES;
				GCC_WARN_64_TO_32_BIT_CONVERSION = YES;
				GCC_WARN_ABOUT_RETURN_TYPE = YES_ERROR;
				GCC_WARN_UNDECLARED_SELECTOR = YES;
				GCC_WARN_UNINITIALIZED_AUTOS = YES_AGGRESSIVE;
				GCC_WARN_UNUSED_FUNCTION = YES;
				GCC_WARN_UNUSED_VARIABLE = YES;
				IPHONEOS_DEPLOYMENT_TARGET = 13.2;
				MTL_ENABLE_DEBUG_INFO = NO;
				MTL_FAST_MATH = YES;
				SDKROOT = iphoneos;
				SWIFT_COMPILATION_MODE = wholemodule;
				SWIFT_OPTIMIZATION_LEVEL = "-O";
				VALIDATE_PRODUCT = YES;
			};
			name = Release;
		};
		BA9304DF23EB3BE20093B3E7 /* Debug */ = {
			isa = XCBuildConfiguration;
			baseConfigurationReference = B18BC55BB29B13ABC86C4EC6 /* Pods-BusinessInventory-swift.debug.xcconfig */;
			buildSettings = {
				ASSETCATALOG_COMPILER_APPICON_NAME = AppIcon;
				CLANG_ENABLE_MODULES = YES;
				CODE_SIGN_STYLE = Automatic;
				DEVELOPMENT_TEAM = Z4349RKP7S;
				INFOPLIST_FILE = "BusinessInventory-swift/Info.plist";
				LD_RUNPATH_SEARCH_PATHS = (
					"$(inherited)",
					"@executable_path/Frameworks",
				);
				PRODUCT_BUNDLE_IDENTIFIER = "com.ma.BusinessInventory-swift";
				PRODUCT_NAME = "$(TARGET_NAME)";
				SWIFT_OBJC_BRIDGING_HEADER = "BusinessInventory-swift/db/BusinessInventory-swift-Bridging-Header.h";
				SWIFT_OPTIMIZATION_LEVEL = "-Onone";
				SWIFT_VERSION = 5.0;
				TARGETED_DEVICE_FAMILY = "1,2";
			};
			name = Debug;
		};
		BA9304E023EB3BE20093B3E7 /* Release */ = {
			isa = XCBuildConfiguration;
			baseConfigurationReference = FCE8362B05F6751FF604724E /* Pods-BusinessInventory-swift.release.xcconfig */;
			buildSettings = {
				ASSETCATALOG_COMPILER_APPICON_NAME = AppIcon;
				CLANG_ENABLE_MODULES = YES;
				CODE_SIGN_STYLE = Automatic;
				DEVELOPMENT_TEAM = Z4349RKP7S;
				INFOPLIST_FILE = "BusinessInventory-swift/Info.plist";
				LD_RUNPATH_SEARCH_PATHS = (
					"$(inherited)",
					"@executable_path/Frameworks",
				);
				PRODUCT_BUNDLE_IDENTIFIER = "com.ma.BusinessInventory-swift";
				PRODUCT_NAME = "$(TARGET_NAME)";
				SWIFT_OBJC_BRIDGING_HEADER = "BusinessInventory-swift/db/BusinessInventory-swift-Bridging-Header.h";
				SWIFT_VERSION = 5.0;
				TARGETED_DEVICE_FAMILY = "1,2";
			};
			name = Release;
		};
		BA9304E223EB3BE20093B3E7 /* Debug */ = {
			isa = XCBuildConfiguration;
			baseConfigurationReference = DCD9825002B3696A1D3D46FC /* Pods-BusinessInventory-swiftTests.debug.xcconfig */;
			buildSettings = {
				ALWAYS_EMBED_SWIFT_STANDARD_LIBRARIES = YES;
				BUNDLE_LOADER = "$(TEST_HOST)";
				CODE_SIGN_STYLE = Automatic;
				DEVELOPMENT_TEAM = Z4349RKP7S;
				INFOPLIST_FILE = "BusinessInventory-swiftTests/Info.plist";
				IPHONEOS_DEPLOYMENT_TARGET = 13.2;
				LD_RUNPATH_SEARCH_PATHS = (
					"$(inherited)",
					"@executable_path/Frameworks",
					"@loader_path/Frameworks",
				);
				PRODUCT_BUNDLE_IDENTIFIER = "com.ma.BusinessInventory-swiftTests";
				PRODUCT_NAME = "$(TARGET_NAME)";
				SWIFT_VERSION = 5.0;
				TARGETED_DEVICE_FAMILY = "1,2";
				TEST_HOST = "$(BUILT_PRODUCTS_DIR)/BusinessInventory-swift.app/BusinessInventory-swift";
			};
			name = Debug;
		};
		BA9304E323EB3BE20093B3E7 /* Release */ = {
			isa = XCBuildConfiguration;
			baseConfigurationReference = 6671CCD7351BD7652B7002DB /* Pods-BusinessInventory-swiftTests.release.xcconfig */;
			buildSettings = {
				ALWAYS_EMBED_SWIFT_STANDARD_LIBRARIES = YES;
				BUNDLE_LOADER = "$(TEST_HOST)";
				CODE_SIGN_STYLE = Automatic;
				DEVELOPMENT_TEAM = Z4349RKP7S;
				INFOPLIST_FILE = "BusinessInventory-swiftTests/Info.plist";
				IPHONEOS_DEPLOYMENT_TARGET = 13.2;
				LD_RUNPATH_SEARCH_PATHS = (
					"$(inherited)",
					"@executable_path/Frameworks",
					"@loader_path/Frameworks",
				);
				PRODUCT_BUNDLE_IDENTIFIER = "com.ma.BusinessInventory-swiftTests";
				PRODUCT_NAME = "$(TARGET_NAME)";
				SWIFT_VERSION = 5.0;
				TARGETED_DEVICE_FAMILY = "1,2";
				TEST_HOST = "$(BUILT_PRODUCTS_DIR)/BusinessInventory-swift.app/BusinessInventory-swift";
			};
			name = Release;
		};
		BA9304E523EB3BE20093B3E7 /* Debug */ = {
			isa = XCBuildConfiguration;
			baseConfigurationReference = F39629C3BF1A7737396DF6A0 /* Pods-BusinessInventory-swift-BusinessInventory-swiftUITests.debug.xcconfig */;
			buildSettings = {
				ALWAYS_EMBED_SWIFT_STANDARD_LIBRARIES = YES;
				CODE_SIGN_STYLE = Automatic;
				DEVELOPMENT_TEAM = Z4349RKP7S;
				INFOPLIST_FILE = "BusinessInventory-swiftUITests/Info.plist";
				LD_RUNPATH_SEARCH_PATHS = (
					"$(inherited)",
					"@executable_path/Frameworks",
					"@loader_path/Frameworks",
				);
				PRODUCT_BUNDLE_IDENTIFIER = "com.ma.BusinessInventory-swiftUITests";
				PRODUCT_NAME = "$(TARGET_NAME)";
				SWIFT_VERSION = 5.0;
				TARGETED_DEVICE_FAMILY = "1,2";
				TEST_TARGET_NAME = "BusinessInventory-swift";
			};
			name = Debug;
		};
		BA9304E623EB3BE20093B3E7 /* Release */ = {
			isa = XCBuildConfiguration;
			baseConfigurationReference = 9F88EAFE5A1B6BEB0DA2F0CE /* Pods-BusinessInventory-swift-BusinessInventory-swiftUITests.release.xcconfig */;
			buildSettings = {
				ALWAYS_EMBED_SWIFT_STANDARD_LIBRARIES = YES;
				CODE_SIGN_STYLE = Automatic;
				DEVELOPMENT_TEAM = Z4349RKP7S;
				INFOPLIST_FILE = "BusinessInventory-swiftUITests/Info.plist";
				LD_RUNPATH_SEARCH_PATHS = (
					"$(inherited)",
					"@executable_path/Frameworks",
					"@loader_path/Frameworks",
				);
				PRODUCT_BUNDLE_IDENTIFIER = "com.ma.BusinessInventory-swiftUITests";
				PRODUCT_NAME = "$(TARGET_NAME)";
				SWIFT_VERSION = 5.0;
				TARGETED_DEVICE_FAMILY = "1,2";
				TEST_TARGET_NAME = "BusinessInventory-swift";
			};
			name = Release;
		};
/* End XCBuildConfiguration section */

/* Begin XCConfigurationList section */
		BA9304AF23EB3BE10093B3E7 /* Build configuration list for PBXProject "BusinessInventory-swift" */ = {
			isa = XCConfigurationList;
			buildConfigurations = (
				BA9304DC23EB3BE20093B3E7 /* Debug */,
				BA9304DD23EB3BE20093B3E7 /* Release */,
			);
			defaultConfigurationIsVisible = 0;
			defaultConfigurationName = Release;
		};
		BA9304DE23EB3BE20093B3E7 /* Build configuration list for PBXNativeTarget "BusinessInventory-swift" */ = {
			isa = XCConfigurationList;
			buildConfigurations = (
				BA9304DF23EB3BE20093B3E7 /* Debug */,
				BA9304E023EB3BE20093B3E7 /* Release */,
			);
			defaultConfigurationIsVisible = 0;
			defaultConfigurationName = Release;
		};
		BA9304E123EB3BE20093B3E7 /* Build configuration list for PBXNativeTarget "BusinessInventory-swiftTests" */ = {
			isa = XCConfigurationList;
			buildConfigurations = (
				BA9304E223EB3BE20093B3E7 /* Debug */,
				BA9304E323EB3BE20093B3E7 /* Release */,
			);
			defaultConfigurationIsVisible = 0;
			defaultConfigurationName = Release;
		};
		BA9304E423EB3BE20093B3E7 /* Build configuration list for PBXNativeTarget "BusinessInventory-swiftUITests" */ = {
			isa = XCConfigurationList;
			buildConfigurations = (
				BA9304E523EB3BE20093B3E7 /* Debug */,
				BA9304E623EB3BE20093B3E7 /* Release */,
			);
			defaultConfigurationIsVisible = 0;
			defaultConfigurationName = Release;
		};
/* End XCConfigurationList section */
	};
	rootObject = BA9304AC23EB3BE10093B3E7 /* Project object */;
}
